
Microsoft Visual Studio Solution File, Format Version 12.00
# Visual Studio Version 17
VisualStudioVersion = 17.5.33530.505
MinimumVisualStudioVersion = 10.0.40219.1
Project("{FAE04EC0-301F-11D3-BF4B-00C04F79EFBC}") = "MvcMovie", "MvcMovie.csproj", "{78F11B96-B431-4EB5-88A9-B413B1BE48A7}"
EndProject
Global
	GlobalSection(SolutionConfigurationPlatforms) = preSolution
		Debug|Any CPU = Debug|Any CPU
		Release|Any CPU = Release|Any CPU
	EndGlobalSection
	GlobalSection(ProjectConfigurationPlatforms) = postSolution
		{78F11B96-B431-4EB5-88A9-B413B1BE48A7}.Debug|Any CPU.ActiveCfg = Debug|Any CPU
		{78F11B96-B431-4EB5-88A9-B413B1BE48A7}.Debug|Any CPU.Build.0 = Debug|Any CPU
		{78F11B96-B431-4EB5-88A9-B413B1BE48A7}.Release|Any CPU.ActiveCfg = Release|Any CPU
		{78F11B96-B431-4EB5-88A9-B413B1BE48A7}.Release|Any CPU.Build.0 = Release|Any CPU
	EndGlobalSection
	GlobalSection(SolutionProperties) = preSolution
		HideSolutionNode = FALSE
	EndGlobalSection
	GlobalSection(ExtensibilityGlobals) = postSolution
		SolutionGuid = {DBEEA696-800F-4DC9-8A93-FFBE3EBD393D}
	EndGlobalSection
EndGlobal
